{
  "object": {
    "pins": [
      {
        "package": "swift-measure",
        "repositoryURL": "https://github.com/tgrapperon/swift-measure",
        "state": {
          "branch": "main",
          "revision": "5e0fd16eaab779d79fab9a4b65d35a604e3428ef",
          "version": null
        }
      }
    ]
  },
  "version": 1
}
